
Microsoft Visual Studio Solution File, Format Version 12.00
# Visual Studio Version 16
VisualStudioVersion = 16.0.29905.134
MinimumVisualStudioVersion = 10.0.40219.1
Project("{FAE04EC0-301F-11D3-BF4B-00C04F79EFBC}") = "CXLIB", "CXLIB\CXLIB.csproj", "{F0EC1DB6-EA0B-4ADE-8EE5-A7C10CAD33ED}"
EndProject
Project("{FAE04EC0-301F-11D3-BF4B-00C04F79EFBC}") = "CXSUN", "CXSUN\CXSUN.csproj", "{051AAFAE-0DE0-4503-ABEC-77248B46A29C}"
EndProject
Project("{FAE04EC0-301F-11D3-BF4B-00C04F79EFBC}") = "CXCORE", "CXCORE\CXCORE.csproj", "{F859E753-8725-48F3-83AC-56FF98054236}"
EndProject
Project("{FAE04EC0-301F-11D3-BF4B-00C04F79EFBC}") = "CXTEST", "CXTEST\CXTEST.csproj", "{260264CC-4092-4794-977D-DB803C9BF9FC}"
EndProject
Project("{FAE04EC0-301F-11D3-BF4B-00C04F79EFBC}") = "AXCODE", "AXCODE\AXCODE.csproj", "{8368567D-4263-412B-A37C-C4BA1491E28F}"
EndProject
Project("{FAE04EC0-301F-11D3-BF4B-00C04F79EFBC}") = "CXSETUP", "CXSETUP\CXSETUP.csproj", "{1C054D9E-B0D8-43C7-8E4E-5A143CA728EF}"
EndProject
Project("{FAE04EC0-301F-11D3-BF4B-00C04F79EFBC}") = "CXBILL", "CXBILL\CXBILL.csproj", "{F1B5FD94-DDD2-46B6-998F-FC86CA8A8F10}"
EndProject
Project("{FAE04EC0-301F-11D3-BF4B-00C04F79EFBC}") = "CXACCOUNTS", "CXACCOUNTS\CXACCOUNTS.csproj", "{C373D0EE-E62E-4D7F-BAB1-F706F6FB107A}"
EndProject
Project("{FAE04EC0-301F-11D3-BF4B-00C04F79EFBC}") = "CXBILL_EXTEN", "CXBILL_EXTEN\CXBILL_EXTEN.csproj", "{347D1A7C-CD09-41B3-AE11-34F60209B493}"
EndProject
Project("{FAE04EC0-301F-11D3-BF4B-00C04F79EFBC}") = "CXLIB_PLUS", "CXLIB_PLUS\CXLIB_PLUS.csproj", "{A3AB912B-3028-41DA-A94F-8C1C06F993AD}"
EndProject
Project("{FAE04EC0-301F-11D3-BF4B-00C04F79EFBC}") = "CXERP", "CXERP\CXERP.csproj", "{34BB6A66-5087-45AA-88B4-3BC4310C0CCB}"
EndProject
Project("{FAE04EC0-301F-11D3-BF4B-00C04F79EFBC}") = "ERP", "ERP\ERP.csproj", "{B749FDBD-4BE3-4031-97DB-22FE861F4132}"
EndProject
Global
	GlobalSection(SolutionConfigurationPlatforms) = preSolution
		Debug|Any CPU = Debug|Any CPU
		Release|Any CPU = Release|Any CPU
	EndGlobalSection
	GlobalSection(ProjectConfigurationPlatforms) = postSolution
		{F0EC1DB6-EA0B-4ADE-8EE5-A7C10CAD33ED}.Debug|Any CPU.ActiveCfg = Debug|Any CPU
		{F0EC1DB6-EA0B-4ADE-8EE5-A7C10CAD33ED}.Debug|Any CPU.Build.0 = Debug|Any CPU
		{F0EC1DB6-EA0B-4ADE-8EE5-A7C10CAD33ED}.Release|Any CPU.ActiveCfg = Release|Any CPU
		{F0EC1DB6-EA0B-4ADE-8EE5-A7C10CAD33ED}.Release|Any CPU.Build.0 = Release|Any CPU
		{051AAFAE-0DE0-4503-ABEC-77248B46A29C}.Debug|Any CPU.ActiveCfg = Debug|Any CPU
		{051AAFAE-0DE0-4503-ABEC-77248B46A29C}.Debug|Any CPU.Build.0 = Debug|Any CPU
		{051AAFAE-0DE0-4503-ABEC-77248B46A29C}.Release|Any CPU.ActiveCfg = Release|Any CPU
		{051AAFAE-0DE0-4503-ABEC-77248B46A29C}.Release|Any CPU.Build.0 = Release|Any CPU
		{F859E753-8725-48F3-83AC-56FF98054236}.Debug|Any CPU.ActiveCfg = Debug|Any CPU
		{F859E753-8725-48F3-83AC-56FF98054236}.Debug|Any CPU.Build.0 = Debug|Any CPU
		{F859E753-8725-48F3-83AC-56FF98054236}.Release|Any CPU.ActiveCfg = Release|Any CPU
		{F859E753-8725-48F3-83AC-56FF98054236}.Release|Any CPU.Build.0 = Release|Any CPU
		{260264CC-4092-4794-977D-DB803C9BF9FC}.Debug|Any CPU.ActiveCfg = Debug|Any CPU
		{260264CC-4092-4794-977D-DB803C9BF9FC}.Debug|Any CPU.Build.0 = Debug|Any CPU
		{260264CC-4092-4794-977D-DB803C9BF9FC}.Release|Any CPU.ActiveCfg = Release|Any CPU
		{260264CC-4092-4794-977D-DB803C9BF9FC}.Release|Any CPU.Build.0 = Release|Any CPU
		{8368567D-4263-412B-A37C-C4BA1491E28F}.Debug|Any CPU.ActiveCfg = Debug|Any CPU
		{8368567D-4263-412B-A37C-C4BA1491E28F}.Debug|Any CPU.Build.0 = Debug|Any CPU
		{8368567D-4263-412B-A37C-C4BA1491E28F}.Release|Any CPU.ActiveCfg = Release|Any CPU
		{8368567D-4263-412B-A37C-C4BA1491E28F}.Release|Any CPU.Build.0 = Release|Any CPU
		{1C054D9E-B0D8-43C7-8E4E-5A143CA728EF}.Debug|Any CPU.ActiveCfg = Debug|Any CPU
		{1C054D9E-B0D8-43C7-8E4E-5A143CA728EF}.Debug|Any CPU.Build.0 = Debug|Any CPU
		{1C054D9E-B0D8-43C7-8E4E-5A143CA728EF}.Release|Any CPU.ActiveCfg = Release|Any CPU
		{1C054D9E-B0D8-43C7-8E4E-5A143CA728EF}.Release|Any CPU.Build.0 = Release|Any CPU
		{F1B5FD94-DDD2-46B6-998F-FC86CA8A8F10}.Debug|Any CPU.ActiveCfg = Debug|Any CPU
		{F1B5FD94-DDD2-46B6-998F-FC86CA8A8F10}.Debug|Any CPU.Build.0 = Debug|Any CPU
		{F1B5FD94-DDD2-46B6-998F-FC86CA8A8F10}.Release|Any CPU.ActiveCfg = Release|Any CPU
		{F1B5FD94-DDD2-46B6-998F-FC86CA8A8F10}.Release|Any CPU.Build.0 = Release|Any CPU
		{C373D0EE-E62E-4D7F-BAB1-F706F6FB107A}.Debug|Any CPU.ActiveCfg = Debug|Any CPU
		{C373D0EE-E62E-4D7F-BAB1-F706F6FB107A}.Debug|Any CPU.Build.0 = Debug|Any CPU
		{C373D0EE-E62E-4D7F-BAB1-F706F6FB107A}.Release|Any CPU.ActiveCfg = Release|Any CPU
		{C373D0EE-E62E-4D7F-BAB1-F706F6FB107A}.Release|Any CPU.Build.0 = Release|Any CPU
		{347D1A7C-CD09-41B3-AE11-34F60209B493}.Debug|Any CPU.ActiveCfg = Debug|Any CPU
		{347D1A7C-CD09-41B3-AE11-34F60209B493}.Debug|Any CPU.Build.0 = Debug|Any CPU
		{347D1A7C-CD09-41B3-AE11-34F60209B493}.Release|Any CPU.ActiveCfg = Release|Any CPU
		{347D1A7C-CD09-41B3-AE11-34F60209B493}.Release|Any CPU.Build.0 = Release|Any CPU
		{A3AB912B-3028-41DA-A94F-8C1C06F993AD}.Debug|Any CPU.ActiveCfg = Debug|Any CPU
		{A3AB912B-3028-41DA-A94F-8C1C06F993AD}.Debug|Any CPU.Build.0 = Debug|Any CPU
		{A3AB912B-3028-41DA-A94F-8C1C06F993AD}.Release|Any CPU.ActiveCfg = Release|Any CPU
		{A3AB912B-3028-41DA-A94F-8C1C06F993AD}.Release|Any CPU.Build.0 = Release|Any CPU
		{34BB6A66-5087-45AA-88B4-3BC4310C0CCB}.Debug|Any CPU.ActiveCfg = Debug|Any CPU
		{34BB6A66-5087-45AA-88B4-3BC4310C0CCB}.Debug|Any CPU.Build.0 = Debug|Any CPU
		{34BB6A66-5087-45AA-88B4-3BC4310C0CCB}.Release|Any CPU.ActiveCfg = Release|Any CPU
		{34BB6A66-5087-45AA-88B4-3BC4310C0CCB}.Release|Any CPU.Build.0 = Release|Any CPU
		{B749FDBD-4BE3-4031-97DB-22FE861F4132}.Debug|Any CPU.ActiveCfg = Debug|Any CPU
		{B749FDBD-4BE3-4031-97DB-22FE861F4132}.Debug|Any CPU.Build.0 = Debug|Any CPU
		{B749FDBD-4BE3-4031-97DB-22FE861F4132}.Release|Any CPU.ActiveCfg = Release|Any CPU
		{B749FDBD-4BE3-4031-97DB-22FE861F4132}.Release|Any CPU.Build.0 = Release|Any CPU
	EndGlobalSection
	GlobalSection(SolutionProperties) = preSolution
		HideSolutionNode = FALSE
	EndGlobalSection
	GlobalSection(ExtensibilityGlobals) = postSolution
		SolutionGuid = {6FD793EE-4C53-43BB-986B-F095B65DFFFE}
	EndGlobalSection
EndGlobal
